// !$*UTF8*$!
{
	archiveVersion = 1;
	classes = {
	};
	objectVersion = 46;
	objects = {

/* Begin PBXBuildFile section */
		D500D3191F99810C00FBDB8E /* Event.swift in Sources */ = {isa = PBXBuildFile; fileRef = D500D3181F99810C00FBDB8E /* Event.swift */; };
		D500D31B1F9985EB00FBDB8E /* EventCategorie.swift in Sources */ = {isa = PBXBuildFile; fileRef = D500D31A1F9985EB00FBDB8E /* EventCategorie.swift */; };
		D500D3201F9BC13800FBDB8E /* NewEventViewController.swift in Sources */ = {isa = PBXBuildFile; fileRef = D500D31E1F9BC13800FBDB8E /* NewEventViewController.swift */; };
		D500D3211F9BC13800FBDB8E /* NewEventViewController.xib in Resources */ = {isa = PBXBuildFile; fileRef = D500D31F1F9BC13800FBDB8E /* NewEventViewController.xib */; };
		D500D3231F9BC7F500FBDB8E /* NewEventViewModel.swift in Sources */ = {isa = PBXBuildFile; fileRef = D500D3221F9BC7F500FBDB8E /* NewEventViewModel.swift */; };
		D500D3251F9BC81100FBDB8E /* NewEventRouter.swift in Sources */ = {isa = PBXBuildFile; fileRef = D500D3241F9BC81100FBDB8E /* NewEventRouter.swift */; };
		D50F2EEE1FA6805500474945 /* CategorieTableViewCell.swift in Sources */ = {isa = PBXBuildFile; fileRef = D50F2EEC1FA6805500474945 /* CategorieTableViewCell.swift */; };
		D50F2EEF1FA6805500474945 /* CategorieTableViewCell.xib in Resources */ = {isa = PBXBuildFile; fileRef = D50F2EED1FA6805500474945 /* CategorieTableViewCell.xib */; };
		D5103A511FA9385500DD4C33 /* ChatViewController.swift in Sources */ = {isa = PBXBuildFile; fileRef = D5103A4F1FA9385500DD4C33 /* ChatViewController.swift */; };
		D5103A521FA9385500DD4C33 /* ChatViewController.xib in Resources */ = {isa = PBXBuildFile; fileRef = D5103A501FA9385500DD4C33 /* ChatViewController.xib */; };
		D5103A541FA93EF500DD4C33 /* ChatViewModel.swift in Sources */ = {isa = PBXBuildFile; fileRef = D5103A531FA93EF500DD4C33 /* ChatViewModel.swift */; };
		D5103A571FA93F5400DD4C33 /* ChatRouter.swift in Sources */ = {isa = PBXBuildFile; fileRef = D5103A561FA93F5400DD4C33 /* ChatRouter.swift */; };
		D515086A1F9E8DB0003AC336 /* EventChatViewController.swift in Sources */ = {isa = PBXBuildFile; fileRef = D51508681F9E8DB0003AC336 /* EventChatViewController.swift */; };
		D515086B1F9E8DB0003AC336 /* EventChatViewController.xib in Resources */ = {isa = PBXBuildFile; fileRef = D51508691F9E8DB0003AC336 /* EventChatViewController.xib */; };
		D515086D1F9E92B1003AC336 /* EventChatViewModel.swift in Sources */ = {isa = PBXBuildFile; fileRef = D515086C1F9E92B1003AC336 /* EventChatViewModel.swift */; };
		D515086F1F9E92F7003AC336 /* EventChatRouter.swift in Sources */ = {isa = PBXBuildFile; fileRef = D515086E1F9E92F7003AC336 /* EventChatRouter.swift */; };
		D51508711F9E9AB8003AC336 /* EventMessage.swift in Sources */ = {isa = PBXBuildFile; fileRef = D51508701F9E9AB8003AC336 /* EventMessage.swift */; };
		D53F2A5B1FA7FC3900730C73 /* Message.swift in Sources */ = {isa = PBXBuildFile; fileRef = D53F2A5A1FA7FC3900730C73 /* Message.swift */; };
		D53F2A601FA7FF4200730C73 /* ChatMessageCell.swift in Sources */ = {isa = PBXBuildFile; fileRef = D53F2A5F1FA7FF4200730C73 /* ChatMessageCell.swift */; };
		D53F2A621FA800AB00730C73 /* UserCell.swift in Sources */ = {isa = PBXBuildFile; fileRef = D53F2A611FA800AB00730C73 /* UserCell.swift */; };
		D54DB02A1F9D0A6F0087D5E7 /* EventTableViewCell.swift in Sources */ = {isa = PBXBuildFile; fileRef = D54DB0281F9D0A6F0087D5E7 /* EventTableViewCell.swift */; };
		D54DB02B1F9D0A6F0087D5E7 /* EventTableViewCell.xib in Resources */ = {isa = PBXBuildFile; fileRef = D54DB0291F9D0A6F0087D5E7 /* EventTableViewCell.xib */; };
		D54DB0301F9D17A40087D5E7 /* EventDetailViewController.swift in Sources */ = {isa = PBXBuildFile; fileRef = D54DB02E1F9D17A40087D5E7 /* EventDetailViewController.swift */; };
		D54DB0311F9D17A40087D5E7 /* EventDetailViewController.xib in Resources */ = {isa = PBXBuildFile; fileRef = D54DB02F1F9D17A40087D5E7 /* EventDetailViewController.xib */; };
		D54DB0331F9D24F70087D5E7 /* EventDetailViewModel.swift in Sources */ = {isa = PBXBuildFile; fileRef = D54DB0321F9D24F70087D5E7 /* EventDetailViewModel.swift */; };
		D54DB0351F9D25420087D5E7 /* EventDetailRouter.swift in Sources */ = {isa = PBXBuildFile; fileRef = D54DB0341F9D25420087D5E7 /* EventDetailRouter.swift */; };
		D54F44061F96B22F004328D8 /* CardView.swift in Sources */ = {isa = PBXBuildFile; fileRef = D54F44051F96B22F004328D8 /* CardView.swift */; };
		D54F440A1F96BF0F004328D8 /* UsersViewController.swift in Sources */ = {isa = PBXBuildFile; fileRef = D54F44081F96BF0F004328D8 /* UsersViewController.swift */; };
		D54F440B1F96BF0F004328D8 /* UsersViewController.xib in Resources */ = {isa = PBXBuildFile; fileRef = D54F44091F96BF0F004328D8 /* UsersViewController.xib */; };
		D54F440D1F96BF1A004328D8 /* UsersViewModel.swift in Sources */ = {isa = PBXBuildFile; fileRef = D54F440C1F96BF1A004328D8 /* UsersViewModel.swift */; };
		D54F440F1F96BF42004328D8 /* UsersRouter.swift in Sources */ = {isa = PBXBuildFile; fileRef = D54F440E1F96BF42004328D8 /* UsersRouter.swift */; };
		D55229B01F984D46002B7AFC /* UserDetailRouter.swift in Sources */ = {isa = PBXBuildFile; fileRef = D55229AF1F984D46002B7AFC /* UserDetailRouter.swift */; };
		D55CDBF31FAE11C80008A305 /* UserKeys.swift in Sources */ = {isa = PBXBuildFile; fileRef = D55CDBF21FAE11C80008A305 /* UserKeys.swift */; };
		D55CDBF51FAE13890008A305 /* Structs.swift in Sources */ = {isa = PBXBuildFile; fileRef = D55CDBF41FAE13890008A305 /* Structs.swift */; };
		D574CDA61FA4F8AC00A3FB7D /* EventLesserCell.swift in Sources */ = {isa = PBXBuildFile; fileRef = D574CDA41FA4F8AC00A3FB7D /* EventLesserCell.swift */; };
		D574CDA71FA4F8AC00A3FB7D /* EventLesserCell.xib in Resources */ = {isa = PBXBuildFile; fileRef = D574CDA51FA4F8AC00A3FB7D /* EventLesserCell.xib */; };
		D59CD4701F7C636C001582D1 /* ImagePicker.swift in Sources */ = {isa = PBXBuildFile; fileRef = D59CD46F1F7C636C001582D1 /* ImagePicker.swift */; };
		D5B16A381F4F603000CDCE28 /* AppDelegate.swift in Sources */ = {isa = PBXBuildFile; fileRef = D5B16A371F4F603000CDCE28 /* AppDelegate.swift */; };
		D5B16A3F1F4F603000CDCE28 /* Assets.xcassets in Resources */ = {isa = PBXBuildFile; fileRef = D5B16A3E1F4F603000CDCE28 /* Assets.xcassets */; };
		D5B16A421F4F603000CDCE28 /* LaunchScreen.storyboard in Resources */ = {isa = PBXBuildFile; fileRef = D5B16A401F4F603000CDCE28 /* LaunchScreen.storyboard */; };
		D5B16A4C1F4F62A800CDCE28 /* AppDependecies.swift in Sources */ = {isa = PBXBuildFile; fileRef = D5B16A4B1F4F62A800CDCE28 /* AppDependecies.swift */; };
		D5B16A4E1F4F63E900CDCE28 /* UseCases.swift in Sources */ = {isa = PBXBuildFile; fileRef = D5B16A4D1F4F63E900CDCE28 /* UseCases.swift */; };
		D5B16A541F4F65D200CDCE28 /* SignInRouter.swift in Sources */ = {isa = PBXBuildFile; fileRef = D5B16A531F4F65D200CDCE28 /* SignInRouter.swift */; };
		D5B16A571F4F662D00CDCE28 /* SignInViewController.swift in Sources */ = {isa = PBXBuildFile; fileRef = D5B16A551F4F662C00CDCE28 /* SignInViewController.swift */; };
		D5B16A581F4F662D00CDCE28 /* SignInViewController.xib in Resources */ = {isa = PBXBuildFile; fileRef = D5B16A561F4F662D00CDCE28 /* SignInViewController.xib */; };
		D5B16A5A1F4F66A300CDCE28 /* SignInViewModel.swift in Sources */ = {isa = PBXBuildFile; fileRef = D5B16A591F4F66A300CDCE28 /* SignInViewModel.swift */; };
		D5B16A5D1F4F6B8C00CDCE28 /* ViewController.swift in Sources */ = {isa = PBXBuildFile; fileRef = D5B16A5B1F4F6B8C00CDCE28 /* ViewController.swift */; };
		D5B16A5E1F4F6B8D00CDCE28 /* Main.storyboard in Resources */ = {isa = PBXBuildFile; fileRef = D5B16A5C1F4F6B8C00CDCE28 /* Main.storyboard */; };
		D5B16A621F5F6B7500CDCE28 /* PopupDialog.swift in Sources */ = {isa = PBXBuildFile; fileRef = D5B16A611F5F6B7500CDCE28 /* PopupDialog.swift */; };
		D5B16A651F61C11100CDCE28 /* SignUpViewController.swift in Sources */ = {isa = PBXBuildFile; fileRef = D5B16A631F61C11100CDCE28 /* SignUpViewController.swift */; };
		D5B16A661F61C11100CDCE28 /* SignUpViewController.xib in Resources */ = {isa = PBXBuildFile; fileRef = D5B16A641F61C11100CDCE28 /* SignUpViewController.xib */; };
		D5B16A681F61C12300CDCE28 /* SignUpViewModel.swift in Sources */ = {isa = PBXBuildFile; fileRef = D5B16A671F61C12300CDCE28 /* SignUpViewModel.swift */; };
		D5B16A6A1F61C17700CDCE28 /* SignUpRouter.swift in Sources */ = {isa = PBXBuildFile; fileRef = D5B16A691F61C17700CDCE28 /* SignUpRouter.swift */; };
		D5B16A6C1F65CE3D00CDCE28 /* Result.swift in Sources */ = {isa = PBXBuildFile; fileRef = D5B16A6B1F65CE3D00CDCE28 /* Result.swift */; };
		D5B16A701F65D2DC00CDCE28 /* Functions.swift in Sources */ = {isa = PBXBuildFile; fileRef = D5B16A6F1F65D2DC00CDCE28 /* Functions.swift */; };
		D5B16A731F660CC600CDCE28 /* MainRouter.swift in Sources */ = {isa = PBXBuildFile; fileRef = D5B16A721F660CC600CDCE28 /* MainRouter.swift */; };
		D5B16A7C1F660EF100CDCE28 /* MenuViewController.swift in Sources */ = {isa = PBXBuildFile; fileRef = D5B16A7A1F660EF100CDCE28 /* MenuViewController.swift */; };
		D5B16A7D1F660EF100CDCE28 /* MenuViewController.xib in Resources */ = {isa = PBXBuildFile; fileRef = D5B16A7B1F660EF100CDCE28 /* MenuViewController.xib */; };
		D5B16A7F1F660F0900CDCE28 /* MenuNavigationController.swift in Sources */ = {isa = PBXBuildFile; fileRef = D5B16A7E1F660F0900CDCE28 /* MenuNavigationController.swift */; };
		D5B16A811F660F1600CDCE28 /* MenuRouter.swift in Sources */ = {isa = PBXBuildFile; fileRef = D5B16A801F660F1600CDCE28 /* MenuRouter.swift */; };
		D5B16A831F660F3A00CDCE28 /* MenuViewModel.swift in Sources */ = {isa = PBXBuildFile; fileRef = D5B16A821F660F3A00CDCE28 /* MenuViewModel.swift */; };
		D5B16A861F66120200CDCE28 /* EventsViewController.swift in Sources */ = {isa = PBXBuildFile; fileRef = D5B16A841F66120200CDCE28 /* EventsViewController.swift */; };
		D5B16A871F66120200CDCE28 /* EventsViewController.xib in Resources */ = {isa = PBXBuildFile; fileRef = D5B16A851F66120200CDCE28 /* EventsViewController.xib */; };
		D5B16A891F66120C00CDCE28 /* EventsViewModel.swift in Sources */ = {isa = PBXBuildFile; fileRef = D5B16A881F66120C00CDCE28 /* EventsViewModel.swift */; };
		D5B16A8B1F66121500CDCE28 /* EventsRouter.swift in Sources */ = {isa = PBXBuildFile; fileRef = D5B16A8A1F66121500CDCE28 /* EventsRouter.swift */; };
		D5B16A8F1F674A6500CDCE28 /* ProfileViewController.swift in Sources */ = {isa = PBXBuildFile; fileRef = D5B16A8D1F674A6500CDCE28 /* ProfileViewController.swift */; };
		D5B16A901F674A6500CDCE28 /* ProfileViewController.xib in Resources */ = {isa = PBXBuildFile; fileRef = D5B16A8E1F674A6500CDCE28 /* ProfileViewController.xib */; };
		D5B16A921F674A6E00CDCE28 /* ProfileRouter.swift in Sources */ = {isa = PBXBuildFile; fileRef = D5B16A911F674A6E00CDCE28 /* ProfileRouter.swift */; };
		D5B16A941F674A8600CDCE28 /* ProfileViewModel.swift in Sources */ = {isa = PBXBuildFile; fileRef = D5B16A931F674A8600CDCE28 /* ProfileViewModel.swift */; };
		D5B16A9F1F6757BB00CDCE28 /* User.swift in Sources */ = {isa = PBXBuildFile; fileRef = D5B16A9E1F6757BB00CDCE28 /* User.swift */; };
		D5B16AA11F6758C700CDCE28 /* Avatar.swift in Sources */ = {isa = PBXBuildFile; fileRef = D5B16AA01F6758C700CDCE28 /* Avatar.swift */; };
		D5B16AA51F6758EE00CDCE28 /* PersistenceInterface.swift in Sources */ = {isa = PBXBuildFile; fileRef = D5B16AA41F6758EE00CDCE28 /* PersistenceInterface.swift */; };
		D5D367B41F97F94000A5C2E0 /* CardTableViewCell.swift in Sources */ = {isa = PBXBuildFile; fileRef = D5D367B21F97F94000A5C2E0 /* CardTableViewCell.swift */; };
		D5D367B51F97F94000A5C2E0 /* CardTableViewCell.xib in Resources */ = {isa = PBXBuildFile; fileRef = D5D367B31F97F94000A5C2E0 /* CardTableViewCell.xib */; };
		D5D367C11F984A7D00A5C2E0 /* UserDetailViewController.swift in Sources */ = {isa = PBXBuildFile; fileRef = D5D367BF1F984A7D00A5C2E0 /* UserDetailViewController.swift */; };
		D5D367C21F984A7D00A5C2E0 /* UserDetailViewController.xib in Resources */ = {isa = PBXBuildFile; fileRef = D5D367C01F984A7D00A5C2E0 /* UserDetailViewController.xib */; };
		D5D367C41F984C1C00A5C2E0 /* UserDetailViewModel.swift in Sources */ = {isa = PBXBuildFile; fileRef = D5D367C31F984C1C00A5C2E0 /* UserDetailViewModel.swift */; };
		D5D4C8851FA7E36300C30B77 /* LoggedUser.swift in Sources */ = {isa = PBXBuildFile; fileRef = D5D4C8841FA7E36300C30B77 /* LoggedUser.swift */; };
		D5D4C8891FA7F67E00C30B77 /* MessagesViewController.swift in Sources */ = {isa = PBXBuildFile; fileRef = D5D4C8871FA7F67E00C30B77 /* MessagesViewController.swift */; };
		D5D4C88A1FA7F67E00C30B77 /* MessagesViewController.xib in Resources */ = {isa = PBXBuildFile; fileRef = D5D4C8881FA7F67E00C30B77 /* MessagesViewController.xib */; };
		D5D4C88C1FA7F74B00C30B77 /* MessagesRouter.swift in Sources */ = {isa = PBXBuildFile; fileRef = D5D4C88B1FA7F74B00C30B77 /* MessagesRouter.swift */; };
		D5D4C88E1FA7F75500C30B77 /* MessagesViewModel.swift in Sources */ = {isa = PBXBuildFile; fileRef = D5D4C88D1FA7F75500C30B77 /* MessagesViewModel.swift */; };
		D5F078561FB6768100586C5F /* GoogleService-Info.plist in Resources */ = {isa = PBXBuildFile; fileRef = D5F078551FB6768100586C5F /* GoogleService-Info.plist */; };
		D5F168681F9EB822007E8681 /* ChatTableViewCell.swift in Sources */ = {isa = PBXBuildFile; fileRef = D5F168661F9EB822007E8681 /* ChatTableViewCell.swift */; };
		D5F168691F9EB822007E8681 /* ChatTableViewCell.xib in Resources */ = {isa = PBXBuildFile; fileRef = D5F168671F9EB822007E8681 /* ChatTableViewCell.xib */; };
		D5FC33511FA1374B00321A10 /* TCPickerView.swift in Sources */ = {isa = PBXBuildFile; fileRef = D5FC334F1FA1374B00321A10 /* TCPickerView.swift */; };
		D5FC33521FA1374B00321A10 /* TCPickerTableViewCell.swift in Sources */ = {isa = PBXBuildFile; fileRef = D5FC33501FA1374B00321A10 /* TCPickerTableViewCell.swift */; };
		D5FFFEB21F9CFC5500CA1FA2 /* EventListViewController.swift in Sources */ = {isa = PBXBuildFile; fileRef = D5FFFEB01F9CFC5500CA1FA2 /* EventListViewController.swift */; };
		D5FFFEB31F9CFC5500CA1FA2 /* EventListViewController.xib in Resources */ = {isa = PBXBuildFile; fileRef = D5FFFEB11F9CFC5500CA1FA2 /* EventListViewController.xib */; };
		D5FFFEB51F9CFC7300CA1FA2 /* EventListViewModel.swift in Sources */ = {isa = PBXBuildFile; fileRef = D5FFFEB41F9CFC7300CA1FA2 /* EventListViewModel.swift */; };
		D5FFFEB71F9CFCBB00CA1FA2 /* EventListRouter.swift in Sources */ = {isa = PBXBuildFile; fileRef = D5FFFEB61F9CFCBB00CA1FA2 /* EventListRouter.swift */; };
		DA6D942B45B748EF085324B3 /* Pods_NexMe.framework in Frameworks */ = {isa = PBXBuildFile; fileRef = B6A0D8DFCE32235C0A5B0940 /* Pods_NexMe.framework */; };
/* End PBXBuildFile section */

/* Begin PBXFileReference section */
		08510A995199D887E588B119 /* Pods-NexMe.debug.xcconfig */ = {isa = PBXFileReference; includeInIndex = 1; lastKnownFileType = text.xcconfig; name = "Pods-NexMe.debug.xcconfig"; path = "Pods/Target Support Files/Pods-NexMe/Pods-NexMe.debug.xcconfig"; sourceTree = "<group>"; };
		B6A0D8DFCE32235C0A5B0940 /* Pods_NexMe.framework */ = {isa = PBXFileReference; explicitFileType = wrapper.framework; includeInIndex = 0; path = Pods_NexMe.framework; sourceTree = BUILT_PRODUCTS_DIR; };
		D500D3181F99810C00FBDB8E /* Event.swift */ = {isa = PBXFileReference; lastKnownFileType = sourcecode.swift; path = Event.swift; sourceTree = "<group>"; };
		D500D31A1F9985EB00FBDB8E /* EventCategorie.swift */ = {isa = PBXFileReference; lastKnownFileType = sourcecode.swift; path = EventCategorie.swift; sourceTree = "<group>"; };
		D500D31E1F9BC13800FBDB8E /* NewEventViewController.swift */ = {isa = PBXFileReference; lastKnownFileType = sourcecode.swift; path = NewEventViewController.swift; sourceTree = "<group>"; };
		D500D31F1F9BC13800FBDB8E /* NewEventViewController.xib */ = {isa = PBXFileReference; lastKnownFileType = file.xib; path = NewEventViewController.xib; sourceTree = "<group>"; };
		D500D3221F9BC7F500FBDB8E /* NewEventViewModel.swift */ = {isa = PBXFileReference; lastKnownFileType = sourcecode.swift; path = NewEventViewModel.swift; sourceTree = "<group>"; };
		D500D3241F9BC81100FBDB8E /* NewEventRouter.swift */ = {isa = PBXFileReference; lastKnownFileType = sourcecode.swift; path = NewEventRouter.swift; sourceTree = "<group>"; };
		D50F2EEC1FA6805500474945 /* CategorieTableViewCell.swift */ = {isa = PBXFileReference; lastKnownFileType = sourcecode.swift; path = CategorieTableViewCell.swift; sourceTree = "<group>"; };
		D50F2EED1FA6805500474945 /* CategorieTableViewCell.xib */ = {isa = PBXFileReference; lastKnownFileType = file.xib; path = CategorieTableViewCell.xib; sourceTree = "<group>"; };
		D5103A4F1FA9385500DD4C33 /* ChatViewController.swift */ = {isa = PBXFileReference; lastKnownFileType = sourcecode.swift; path = ChatViewController.swift; sourceTree = "<group>"; };
		D5103A501FA9385500DD4C33 /* ChatViewController.xib */ = {isa = PBXFileReference; lastKnownFileType = file.xib; path = ChatViewController.xib; sourceTree = "<group>"; };
		D5103A531FA93EF500DD4C33 /* ChatViewModel.swift */ = {isa = PBXFileReference; lastKnownFileType = sourcecode.swift; path = ChatViewModel.swift; sourceTree = "<group>"; };
		D5103A561FA93F5400DD4C33 /* ChatRouter.swift */ = {isa = PBXFileReference; lastKnownFileType = sourcecode.swift; path = ChatRouter.swift; sourceTree = "<group>"; };
		D51508681F9E8DB0003AC336 /* EventChatViewController.swift */ = {isa = PBXFileReference; lastKnownFileType = sourcecode.swift; path = EventChatViewController.swift; sourceTree = "<group>"; };
		D51508691F9E8DB0003AC336 /* EventChatViewController.xib */ = {isa = PBXFileReference; lastKnownFileType = file.xib; path = EventChatViewController.xib; sourceTree = "<group>"; };
		D515086C1F9E92B1003AC336 /* EventChatViewModel.swift */ = {isa = PBXFileReference; lastKnownFileType = sourcecode.swift; path = EventChatViewModel.swift; sourceTree = "<group>"; };
		D515086E1F9E92F7003AC336 /* EventChatRouter.swift */ = {isa = PBXFileReference; lastKnownFileType = sourcecode.swift; path = EventChatRouter.swift; sourceTree = "<group>"; };
		D51508701F9E9AB8003AC336 /* EventMessage.swift */ = {isa = PBXFileReference; lastKnownFileType = sourcecode.swift; path = EventMessage.swift; sourceTree = "<group>"; };
		D53F2A5A1FA7FC3900730C73 /* Message.swift */ = {isa = PBXFileReference; lastKnownFileType = sourcecode.swift; path = Message.swift; sourceTree = "<group>"; };
		D53F2A5F1FA7FF4200730C73 /* ChatMessageCell.swift */ = {isa = PBXFileReference; lastKnownFileType = sourcecode.swift; path = ChatMessageCell.swift; sourceTree = "<group>"; };
		D53F2A611FA800AB00730C73 /* UserCell.swift */ = {isa = PBXFileReference; lastKnownFileType = sourcecode.swift; path = UserCell.swift; sourceTree = "<group>"; };
		D54DB0281F9D0A6F0087D5E7 /* EventTableViewCell.swift */ = {isa = PBXFileReference; lastKnownFileType = sourcecode.swift; path = EventTableViewCell.swift; sourceTree = "<group>"; };
		D54DB0291F9D0A6F0087D5E7 /* EventTableViewCell.xib */ = {isa = PBXFileReference; lastKnownFileType = file.xib; path = EventTableViewCell.xib; sourceTree = "<group>"; };
		D54DB02E1F9D17A40087D5E7 /* EventDetailViewController.swift */ = {isa = PBXFileReference; lastKnownFileType = sourcecode.swift; path = EventDetailViewController.swift; sourceTree = "<group>"; };
		D54DB02F1F9D17A40087D5E7 /* EventDetailViewController.xib */ = {isa = PBXFileReference; lastKnownFileType = file.xib; path = EventDetailViewController.xib; sourceTree = "<group>"; };
		D54DB0321F9D24F70087D5E7 /* EventDetailViewModel.swift */ = {isa = PBXFileReference; lastKnownFileType = sourcecode.swift; path = EventDetailViewModel.swift; sourceTree = "<group>"; };
		D54DB0341F9D25420087D5E7 /* EventDetailRouter.swift */ = {isa = PBXFileReference; lastKnownFileType = sourcecode.swift; path = EventDetailRouter.swift; sourceTree = "<group>"; };
		D54F44051F96B22F004328D8 /* CardView.swift */ = {isa = PBXFileReference; lastKnownFileType = sourcecode.swift; path = CardView.swift; sourceTree = "<group>"; };
		D54F44081F96BF0F004328D8 /* UsersViewController.swift */ = {isa = PBXFileReference; lastKnownFileType = sourcecode.swift; path = UsersViewController.swift; sourceTree = "<group>"; };
		D54F44091F96BF0F004328D8 /* UsersViewController.xib */ = {isa = PBXFileReference; lastKnownFileType = file.xib; path = UsersViewController.xib; sourceTree = "<group>"; };
		D54F440C1F96BF1A004328D8 /* UsersViewModel.swift */ = {isa = PBXFileReference; lastKnownFileType = sourcecode.swift; path = UsersViewModel.swift; sourceTree = "<group>"; };
		D54F440E1F96BF42004328D8 /* UsersRouter.swift */ = {isa = PBXFileReference; lastKnownFileType = sourcecode.swift; path = UsersRouter.swift; sourceTree = "<group>"; };
		D55229AF1F984D46002B7AFC /* UserDetailRouter.swift */ = {isa = PBXFileReference; lastKnownFileType = sourcecode.swift; path = UserDetailRouter.swift; sourceTree = "<group>"; };
		D55CDBF21FAE11C80008A305 /* UserKeys.swift */ = {isa = PBXFileReference; lastKnownFileType = sourcecode.swift; path = UserKeys.swift; sourceTree = "<group>"; };
		D55CDBF41FAE13890008A305 /* Structs.swift */ = {isa = PBXFileReference; lastKnownFileType = sourcecode.swift; path = Structs.swift; sourceTree = "<group>"; };
		D574CDA41FA4F8AC00A3FB7D /* EventLesserCell.swift */ = {isa = PBXFileReference; lastKnownFileType = sourcecode.swift; path = EventLesserCell.swift; sourceTree = "<group>"; };
		D574CDA51FA4F8AC00A3FB7D /* EventLesserCell.xib */ = {isa = PBXFileReference; lastKnownFileType = file.xib; path = EventLesserCell.xib; sourceTree = "<group>"; };
		D59CD46F1F7C636C001582D1 /* ImagePicker.swift */ = {isa = PBXFileReference; fileEncoding = 4; lastKnownFileType = sourcecode.swift; path = ImagePicker.swift; sourceTree = "<group>"; };
		D5B16A341F4F603000CDCE28 /* NexMe.app */ = {isa = PBXFileReference; explicitFileType = wrapper.application; includeInIndex = 0; path = NexMe.app; sourceTree = BUILT_PRODUCTS_DIR; };
		D5B16A371F4F603000CDCE28 /* AppDelegate.swift */ = {isa = PBXFileReference; lastKnownFileType = sourcecode.swift; path = AppDelegate.swift; sourceTree = "<group>"; };
		D5B16A3E1F4F603000CDCE28 /* Assets.xcassets */ = {isa = PBXFileReference; lastKnownFileType = folder.assetcatalog; path = Assets.xcassets; sourceTree = "<group>"; };
		D5B16A411F4F603000CDCE28 /* Base */ = {isa = PBXFileReference; lastKnownFileType = file.storyboard; name = Base; path = Base.lproj/LaunchScreen.storyboard; sourceTree = "<group>"; };
		D5B16A431F4F603000CDCE28 /* Info.plist */ = {isa = PBXFileReference; lastKnownFileType = text.plist.xml; path = Info.plist; sourceTree = "<group>"; };
		D5B16A4B1F4F62A800CDCE28 /* AppDependecies.swift */ = {isa = PBXFileReference; fileEncoding = 4; lastKnownFileType = sourcecode.swift; path = AppDependecies.swift; sourceTree = "<group>"; };
		D5B16A4D1F4F63E900CDCE28 /* UseCases.swift */ = {isa = PBXFileReference; fileEncoding = 4; lastKnownFileType = sourcecode.swift; path = UseCases.swift; sourceTree = "<group>"; };
		D5B16A531F4F65D200CDCE28 /* SignInRouter.swift */ = {isa = PBXFileReference; fileEncoding = 4; lastKnownFileType = sourcecode.swift; path = SignInRouter.swift; sourceTree = "<group>"; };
		D5B16A551F4F662C00CDCE28 /* SignInViewController.swift */ = {isa = PBXFileReference; fileEncoding = 4; lastKnownFileType = sourcecode.swift; path = SignInViewController.swift; sourceTree = "<group>"; };
		D5B16A561F4F662D00CDCE28 /* SignInViewController.xib */ = {isa = PBXFileReference; fileEncoding = 4; lastKnownFileType = file.xib; path = SignInViewController.xib; sourceTree = "<group>"; };
		D5B16A591F4F66A300CDCE28 /* SignInViewModel.swift */ = {isa = PBXFileReference; fileEncoding = 4; lastKnownFileType = sourcecode.swift; path = SignInViewModel.swift; sourceTree = "<group>"; };
		D5B16A5B1F4F6B8C00CDCE28 /* ViewController.swift */ = {isa = PBXFileReference; fileEncoding = 4; lastKnownFileType = sourcecode.swift; path = ViewController.swift; sourceTree = "<group>"; };
		D5B16A5C1F4F6B8C00CDCE28 /* Main.storyboard */ = {isa = PBXFileReference; fileEncoding = 4; lastKnownFileType = file.storyboard; path = Main.storyboard; sourceTree = "<group>"; };
		D5B16A611F5F6B7500CDCE28 /* PopupDialog.swift */ = {isa = PBXFileReference; fileEncoding = 4; lastKnownFileType = sourcecode.swift; path = PopupDialog.swift; sourceTree = "<group>"; };
		D5B16A631F61C11100CDCE28 /* SignUpViewController.swift */ = {isa = PBXFileReference; fileEncoding = 4; lastKnownFileType = sourcecode.swift; path = SignUpViewController.swift; sourceTree = "<group>"; };
		D5B16A641F61C11100CDCE28 /* SignUpViewController.xib */ = {isa = PBXFileReference; fileEncoding = 4; lastKnownFileType = file.xib; path = SignUpViewController.xib; sourceTree = "<group>"; };
		D5B16A671F61C12300CDCE28 /* SignUpViewModel.swift */ = {isa = PBXFileReference; fileEncoding = 4; lastKnownFileType = sourcecode.swift; path = SignUpViewModel.swift; sourceTree = "<group>"; };
		D5B16A691F61C17700CDCE28 /* SignUpRouter.swift */ = {isa = PBXFileReference; fileEncoding = 4; lastKnownFileType = sourcecode.swift; path = SignUpRouter.swift; sourceTree = "<group>"; };
		D5B16A6B1F65CE3D00CDCE28 /* Result.swift */ = {isa = PBXFileReference; fileEncoding = 4; lastKnownFileType = sourcecode.swift; path = Result.swift; sourceTree = "<group>"; };
		D5B16A6F1F65D2DC00CDCE28 /* Functions.swift */ = {isa = PBXFileReference; fileEncoding = 4; lastKnownFileType = sourcecode.swift; path = Functions.swift; sourceTree = "<group>"; };
		D5B16A721F660CC600CDCE28 /* MainRouter.swift */ = {isa = PBXFileReference; fileEncoding = 4; lastKnownFileType = sourcecode.swift; path = MainRouter.swift; sourceTree = "<group>"; };
		D5B16A7A1F660EF100CDCE28 /* MenuViewController.swift */ = {isa = PBXFileReference; fileEncoding = 4; lastKnownFileType = sourcecode.swift; path = MenuViewController.swift; sourceTree = "<group>"; };
		D5B16A7B1F660EF100CDCE28 /* MenuViewController.xib */ = {isa = PBXFileReference; fileEncoding = 4; lastKnownFileType = file.xib; path = MenuViewController.xib; sourceTree = "<group>"; };
		D5B16A7E1F660F0900CDCE28 /* MenuNavigationController.swift */ = {isa = PBXFileReference; fileEncoding = 4; lastKnownFileType = sourcecode.swift; path = MenuNavigationController.swift; sourceTree = "<group>"; };
		D5B16A801F660F1600CDCE28 /* MenuRouter.swift */ = {isa = PBXFileReference; fileEncoding = 4; lastKnownFileType = sourcecode.swift; path = MenuRouter.swift; sourceTree = "<group>"; };
		D5B16A821F660F3A00CDCE28 /* MenuViewModel.swift */ = {isa = PBXFileReference; fileEncoding = 4; lastKnownFileType = sourcecode.swift; path = MenuViewModel.swift; sourceTree = "<group>"; };
		D5B16A841F66120200CDCE28 /* EventsViewController.swift */ = {isa = PBXFileReference; fileEncoding = 4; lastKnownFileType = sourcecode.swift; path = EventsViewController.swift; sourceTree = "<group>"; };
		D5B16A851F66120200CDCE28 /* EventsViewController.xib */ = {isa = PBXFileReference; fileEncoding = 4; lastKnownFileType = file.xib; path = EventsViewController.xib; sourceTree = "<group>"; };
		D5B16A881F66120C00CDCE28 /* EventsViewModel.swift */ = {isa = PBXFileReference; fileEncoding = 4; lastKnownFileType = sourcecode.swift; path = EventsViewModel.swift; sourceTree = "<group>"; };
		D5B16A8A1F66121500CDCE28 /* EventsRouter.swift */ = {isa = PBXFileReference; fileEncoding = 4; lastKnownFileType = sourcecode.swift; path = EventsRouter.swift; sourceTree = "<group>"; };
		D5B16A8D1F674A6500CDCE28 /* ProfileViewController.swift */ = {isa = PBXFileReference; fileEncoding = 4; lastKnownFileType = sourcecode.swift; path = ProfileViewController.swift; sourceTree = "<group>"; };
		D5B16A8E1F674A6500CDCE28 /* ProfileViewController.xib */ = {isa = PBXFileReference; fileEncoding = 4; lastKnownFileType = file.xib; path = ProfileViewController.xib; sourceTree = "<group>"; };
		D5B16A911F674A6E00CDCE28 /* ProfileRouter.swift */ = {isa = PBXFileReference; fileEncoding = 4; lastKnownFileType = sourcecode.swift; path = ProfileRouter.swift; sourceTree = "<group>"; };
		D5B16A931F674A8600CDCE28 /* ProfileViewModel.swift */ = {isa = PBXFileReference; fileEncoding = 4; lastKnownFileType = sourcecode.swift; path = ProfileViewModel.swift; sourceTree = "<group>"; };
		D5B16A9E1F6757BB00CDCE28 /* User.swift */ = {isa = PBXFileReference; fileEncoding = 4; lastKnownFileType = sourcecode.swift; path = User.swift; sourceTree = "<group>"; };
		D5B16AA01F6758C700CDCE28 /* Avatar.swift */ = {isa = PBXFileReference; fileEncoding = 4; lastKnownFileType = sourcecode.swift; path = Avatar.swift; sourceTree = "<group>"; };
		D5B16AA41F6758EE00CDCE28 /* PersistenceInterface.swift */ = {isa = PBXFileReference; fileEncoding = 4; lastKnownFileType = sourcecode.swift; path = PersistenceInterface.swift; sourceTree = "<group>"; };
		D5D367B21F97F94000A5C2E0 /* CardTableViewCell.swift */ = {isa = PBXFileReference; lastKnownFileType = sourcecode.swift; path = CardTableViewCell.swift; sourceTree = "<group>"; };
		D5D367B31F97F94000A5C2E0 /* CardTableViewCell.xib */ = {isa = PBXFileReference; lastKnownFileType = file.xib; path = CardTableViewCell.xib; sourceTree = "<group>"; };
		D5D367B71F98200300A5C2E0 /* Gilroy-Bold.otf */ = {isa = PBXFileReference; lastKnownFileType = file; path = "Gilroy-Bold.otf"; sourceTree = "<group>"; };
		D5D367B81F98200300A5C2E0 /* Gilroy-Light.otf */ = {isa = PBXFileReference; lastKnownFileType = file; path = "Gilroy-Light.otf"; sourceTree = "<group>"; };
		D5D367B91F98200300A5C2E0 /* Gilroy-Medium.otf */ = {isa = PBXFileReference; lastKnownFileType = file; path = "Gilroy-Medium.otf"; sourceTree = "<group>"; };
		D5D367BA1F98200300A5C2E0 /* Gilroy-Regular.otf */ = {isa = PBXFileReference; lastKnownFileType = file; path = "Gilroy-Regular.otf"; sourceTree = "<group>"; };
		D5D367BB1F98200300A5C2E0 /* Gilroy-SemiBold.otf */ = {isa = PBXFileReference; lastKnownFileType = file; path = "Gilroy-SemiBold.otf"; sourceTree = "<group>"; };
		D5D367BC1F98200300A5C2E0 /* Gilroy-UltraLight.otf */ = {isa = PBXFileReference; lastKnownFileType = file; path = "Gilroy-UltraLight.otf"; sourceTree = "<group>"; };
		D5D367BF1F984A7D00A5C2E0 /* UserDetailViewController.swift */ = {isa = PBXFileReference; lastKnownFileType = sourcecode.swift; path = UserDetailViewController.swift; sourceTree = "<group>"; };
		D5D367C01F984A7D00A5C2E0 /* UserDetailViewController.xib */ = {isa = PBXFileReference; lastKnownFileType = file.xib; path = UserDetailViewController.xib; sourceTree = "<group>"; };
		D5D367C31F984C1C00A5C2E0 /* UserDetailViewModel.swift */ = {isa = PBXFileReference; lastKnownFileType = sourcecode.swift; path = UserDetailViewModel.swift; sourceTree = "<group>"; };
		D5D4C8841FA7E36300C30B77 /* LoggedUser.swift */ = {isa = PBXFileReference; lastKnownFileType = sourcecode.swift; path = LoggedUser.swift; sourceTree = "<group>"; };
		D5D4C8871FA7F67E00C30B77 /* MessagesViewController.swift */ = {isa = PBXFileReference; lastKnownFileType = sourcecode.swift; path = MessagesViewController.swift; sourceTree = "<group>"; };
		D5D4C8881FA7F67E00C30B77 /* MessagesViewController.xib */ = {isa = PBXFileReference; lastKnownFileType = file.xib; path = MessagesViewController.xib; sourceTree = "<group>"; };
		D5D4C88B1FA7F74B00C30B77 /* MessagesRouter.swift */ = {isa = PBXFileReference; lastKnownFileType = sourcecode.swift; path = MessagesRouter.swift; sourceTree = "<group>"; };
		D5D4C88D1FA7F75500C30B77 /* MessagesViewModel.swift */ = {isa = PBXFileReference; lastKnownFileType = sourcecode.swift; path = MessagesViewModel.swift; sourceTree = "<group>"; };
		D5F078551FB6768100586C5F /* GoogleService-Info.plist */ = {isa = PBXFileReference; fileEncoding = 4; lastKnownFileType = text.plist.xml; path = "GoogleService-Info.plist"; sourceTree = "<group>"; };
		D5F168661F9EB822007E8681 /* ChatTableViewCell.swift */ = {isa = PBXFileReference; lastKnownFileType = sourcecode.swift; path = ChatTableViewCell.swift; sourceTree = "<group>"; };
		D5F168671F9EB822007E8681 /* ChatTableViewCell.xib */ = {isa = PBXFileReference; lastKnownFileType = file.xib; path = ChatTableViewCell.xib; sourceTree = "<group>"; };
		D5FC334F1FA1374B00321A10 /* TCPickerView.swift */ = {isa = PBXFileReference; lastKnownFileType = sourcecode.swift; path = TCPickerView.swift; sourceTree = "<group>"; };
		D5FC33501FA1374B00321A10 /* TCPickerTableViewCell.swift */ = {isa = PBXFileReference; lastKnownFileType = sourcecode.swift; path = TCPickerTableViewCell.swift; sourceTree = "<group>"; };
		D5FFFEB01F9CFC5500CA1FA2 /* EventListViewController.swift */ = {isa = PBXFileReference; lastKnownFileType = sourcecode.swift; path = EventListViewController.swift; sourceTree = "<group>"; };
		D5FFFEB11F9CFC5500CA1FA2 /* EventListViewController.xib */ = {isa = PBXFileReference; lastKnownFileType = file.xib; path = EventListViewController.xib; sourceTree = "<group>"; };
		D5FFFEB41F9CFC7300CA1FA2 /* EventListViewModel.swift */ = {isa = PBXFileReference; lastKnownFileType = sourcecode.swift; path = EventListViewModel.swift; sourceTree = "<group>"; };
		D5FFFEB61F9CFCBB00CA1FA2 /* EventListRouter.swift */ = {isa = PBXFileReference; lastKnownFileType = sourcecode.swift; path = EventListRouter.swift; sourceTree = "<group>"; };
		F502E155D99BD417B542A471 /* Pods-NexMe.release.xcconfig */ = {isa = PBXFileReference; includeInIndex = 1; lastKnownFileType = text.xcconfig; name = "Pods-NexMe.release.xcconfig"; path = "Pods/Target Support Files/Pods-NexMe/Pods-NexMe.release.xcconfig"; sourceTree = "<group>"; };
/* End PBXFileReference section */

/* Begin PBXFrameworksBuildPhase section */
		D5B16A311F4F603000CDCE28 /* Frameworks */ = {
			isa = PBXFrameworksBuildPhase;
			buildActionMask = 2147483647;
			files = (
				DA6D942B45B748EF085324B3 /* Pods_NexMe.framework in Frameworks */,
			);
			runOnlyForDeploymentPostprocessing = 0;
		};
/* End PBXFrameworksBuildPhase section */

/* Begin PBXGroup section */
		386A079F872ADEA53E6E9752 /* Pods */ = {
			isa = PBXGroup;
			children = (
				08510A995199D887E588B119 /* Pods-NexMe.debug.xcconfig */,
				F502E155D99BD417B542A471 /* Pods-NexMe.release.xcconfig */,
			);
			name = Pods;
			sourceTree = "<group>";
		};
		C3B864B7283E8C00DDD990C6 /* Frameworks */ = {
			isa = PBXGroup;
			children = (
				B6A0D8DFCE32235C0A5B0940 /* Pods_NexMe.framework */,
			);
			name = Frameworks;
			sourceTree = "<group>";
		};
		D500D31C1F9BC11300FBDB8E /* Filters */ = {
			isa = PBXGroup;
			children = (
				D50F2EEB1FA6804300474945 /* Categorie Cell */,
				D5B16A8A1F66121500CDCE28 /* EventsRouter.swift */,
				D5B16A881F66120C00CDCE28 /* EventsViewModel.swift */,
				D5B16A841F66120200CDCE28 /* EventsViewController.swift */,
				D5B16A851F66120200CDCE28 /* EventsViewController.xib */,
			);
			name = Filters;
			sourceTree = "<group>";
		};
		D500D31D1F9BC12200FBDB8E /* New */ = {
			isa = PBXGroup;
			children = (
				D500D3241F9BC81100FBDB8E /* NewEventRouter.swift */,
				D500D3221F9BC7F500FBDB8E /* NewEventViewModel.swift */,
				D500D31E1F9BC13800FBDB8E /* NewEventViewController.swift */,
				D500D31F1F9BC13800FBDB8E /* NewEventViewController.xib */,
			);
			name = New;
			sourceTree = "<group>";
		};
		D50F2EEB1FA6804300474945 /* Categorie Cell */ = {
			isa = PBXGroup;
			children = (
				D50F2EEC1FA6805500474945 /* CategorieTableViewCell.swift */,
				D50F2EED1FA6805500474945 /* CategorieTableViewCell.xib */,
			);
			name = "Categorie Cell";
			sourceTree = "<group>";
		};
		D5103A4E1FA9383B00DD4C33 /* Chat */ = {
			isa = PBXGroup;
			children = (
				D5103A561FA93F5400DD4C33 /* ChatRouter.swift */,
				D5103A531FA93EF500DD4C33 /* ChatViewModel.swift */,
				D5103A4F1FA9385500DD4C33 /* ChatViewController.swift */,
				D5103A501FA9385500DD4C33 /* ChatViewController.xib */,
			);
			name = Chat;
			sourceTree = "<group>";
		};
		D5103A551FA93F2900DD4C33 /* User Cell */ = {
			isa = PBXGroup;
			children = (
				D53F2A611FA800AB00730C73 /* UserCell.swift */,
			);
			name = "User Cell";
			sourceTree = "<group>";
		};
		D51508671F9E8D95003AC336 /* Chat */ = {
			isa = PBXGroup;
			children = (
				D5F168651F9EB80D007E8681 /* Chat Cell */,
				D515086E1F9E92F7003AC336 /* EventChatRouter.swift */,
				D515086C1F9E92B1003AC336 /* EventChatViewModel.swift */,
				D51508681F9E8DB0003AC336 /* EventChatViewController.swift */,
				D51508691F9E8DB0003AC336 /* EventChatViewController.xib */,
			);
			name = Chat;
			sourceTree = "<group>";
		};
		D53F2A5E1FA7FF3600730C73 /* Chat Message Cell */ = {
			isa = PBXGroup;
			children = (
				D53F2A5F1FA7FF4200730C73 /* ChatMessageCell.swift */,
			);
			name = "Chat Message Cell";
			sourceTree = "<group>";
		};
		D54DB0271F9D0A4E0087D5E7 /* Event Cell */ = {
			isa = PBXGroup;
			children = (
				D54DB0281F9D0A6F0087D5E7 /* EventTableViewCell.swift */,
				D54DB0291F9D0A6F0087D5E7 /* EventTableViewCell.xib */,
			);
			name = "Event Cell";
			sourceTree = "<group>";
		};
		D54DB02D1F9D178B0087D5E7 /* Detail */ = {
			isa = PBXGroup;
			children = (
				D54DB0341F9D25420087D5E7 /* EventDetailRouter.swift */,
				D54DB0321F9D24F70087D5E7 /* EventDetailViewModel.swift */,
				D54DB02E1F9D17A40087D5E7 /* EventDetailViewController.swift */,
				D54DB02F1F9D17A40087D5E7 /* EventDetailViewController.xib */,
			);
			name = Detail;
			sourceTree = "<group>";
		};
		D54F44071F96BEF7004328D8 /* Users */ = {
			isa = PBXGroup;
			children = (
				D5D367B11F97F92500A5C2E0 /* Card Cell */,
				D5D367BE1F984A6400A5C2E0 /* Detail */,
				D5D367BD1F984A5500A5C2E0 /* Search */,
			);
			name = Users;
			sourceTree = "<group>";
		};
		D574CDA31FA4F87400A3FB7D /* Event Lesser Cell */ = {
			isa = PBXGroup;
			children = (
				D574CDA41FA4F8AC00A3FB7D /* EventLesserCell.swift */,
				D574CDA51FA4F8AC00A3FB7D /* EventLesserCell.xib */,
			);
			name = "Event Lesser Cell";
			sourceTree = "<group>";
		};
		D5B16A2B1F4F603000CDCE28 = {
			isa = PBXGroup;
			children = (
				D5F078551FB6768100586C5F /* GoogleService-Info.plist */,
				D5B16A361F4F603000CDCE28 /* NexMe */,
				D5B16A351F4F603000CDCE28 /* Products */,
				386A079F872ADEA53E6E9752 /* Pods */,
				C3B864B7283E8C00DDD990C6 /* Frameworks */,
			);
			sourceTree = "<group>";
		};
		D5B16A351F4F603000CDCE28 /* Products */ = {
			isa = PBXGroup;
			children = (
				D5B16A341F4F603000CDCE28 /* NexMe.app */,
			);
			name = Products;
			sourceTree = "<group>";
		};
		D5B16A361F4F603000CDCE28 /* NexMe */ = {
			isa = PBXGroup;
			children = (
				D5B16AA21F6758DE00CDCE28 /* App */,
				D5B16A9D1F6757AD00CDCE28 /* Entities */,
				D5B16A6D1F65CE4400CDCE28 /* Dependencies */,
				D5B16A601F5F6B3300CDCE28 /* Helpers */,
				D5B16A491F4F623300CDCE28 /* UI */,
				D5B16A3E1F4F603000CDCE28 /* Assets.xcassets */,
				D5B16A371F4F603000CDCE28 /* AppDelegate.swift */,
				D5B16A5B1F4F6B8C00CDCE28 /* ViewController.swift */,
				D5B16A5C1F4F6B8C00CDCE28 /* Main.storyboard */,
				D5B16A401F4F603000CDCE28 /* LaunchScreen.storyboard */,
				D5B16A431F4F603000CDCE28 /* Info.plist */,
			);
			path = NexMe;
			sourceTree = "<group>";
		};
		D5B16A491F4F623300CDCE28 /* UI */ = {
			isa = PBXGroup;
			children = (
				D5B16A4A1F4F628C00CDCE28 /* App */,
				D5B16A511F4F65A100CDCE28 /* Screens */,
			);
			name = UI;
			sourceTree = "<group>";
		};
		D5B16A4A1F4F628C00CDCE28 /* App */ = {
			isa = PBXGroup;
			children = (
				D5B16A4B1F4F62A800CDCE28 /* AppDependecies.swift */,
				D5B16A4D1F4F63E900CDCE28 /* UseCases.swift */,
			);
			name = App;
			sourceTree = "<group>";
		};
		D5B16A511F4F65A100CDCE28 /* Screens */ = {
			isa = PBXGroup;
			children = (
				D5103A4E1FA9383B00DD4C33 /* Chat */,
				D5D4C8861FA7F66300C30B77 /* Messages */,
				D574CDA31FA4F87400A3FB7D /* Event Lesser Cell */,
				D54DB0271F9D0A4E0087D5E7 /* Event Cell */,
				D54F44071F96BEF7004328D8 /* Users */,
				D5B16A8C1F674A5600CDCE28 /* Profile */,
				D5B16A751F660EC700CDCE28 /* Menu */,
				D5B16A741F660EC000CDCE28 /* Event */,
				D5B16A711F660CB900CDCE28 /* Main */,
				D5B16A5F1F5E24D500CDCE28 /* Sign Up */,
				D5B16A521F4F65B600CDCE28 /* Sign In */,
			);
			name = Screens;
			sourceTree = "<group>";
		};
		D5B16A521F4F65B600CDCE28 /* Sign In */ = {
			isa = PBXGroup;
			children = (
				D5B16A531F4F65D200CDCE28 /* SignInRouter.swift */,
				D5B16A591F4F66A300CDCE28 /* SignInViewModel.swift */,
				D5B16A551F4F662C00CDCE28 /* SignInViewController.swift */,
				D5B16A561F4F662D00CDCE28 /* SignInViewController.xib */,
			);
			name = "Sign In";
			sourceTree = "<group>";
		};
		D5B16A5F1F5E24D500CDCE28 /* Sign Up */ = {
			isa = PBXGroup;
			children = (
				D5B16A691F61C17700CDCE28 /* SignUpRouter.swift */,
				D5B16A671F61C12300CDCE28 /* SignUpViewModel.swift */,
				D5B16A631F61C11100CDCE28 /* SignUpViewController.swift */,
				D5B16A641F61C11100CDCE28 /* SignUpViewController.xib */,
			);
			name = "Sign Up";
			sourceTree = "<group>";
		};
		D5B16A601F5F6B3300CDCE28 /* Helpers */ = {
			isa = PBXGroup;
			children = (
				D54F44051F96B22F004328D8 /* CardView.swift */,
				D5B16A611F5F6B7500CDCE28 /* PopupDialog.swift */,
				D55CDBF41FAE13890008A305 /* Structs.swift */,
			);
			name = Helpers;
			sourceTree = "<group>";
		};
		D5B16A6D1F65CE4400CDCE28 /* Dependencies */ = {
			isa = PBXGroup;
			children = (
				D5D367B61F98200300A5C2E0 /* Fonts */,
				D5B16A6E1F65CE4F00CDCE28 /* Libraries */,
			);
			name = Dependencies;
			sourceTree = "<group>";
		};
		D5B16A6E1F65CE4F00CDCE28 /* Libraries */ = {
			isa = PBXGroup;
			children = (
				D5FC33501FA1374B00321A10 /* TCPickerTableViewCell.swift */,
				D5FC334F1FA1374B00321A10 /* TCPickerView.swift */,
				D59CD46F1F7C636C001582D1 /* ImagePicker.swift */,
				D5B16A6B1F65CE3D00CDCE28 /* Result.swift */,
				D5B16A6F1F65D2DC00CDCE28 /* Functions.swift */,
			);
			name = Libraries;
			sourceTree = "<group>";
		};
		D5B16A711F660CB900CDCE28 /* Main */ = {
			isa = PBXGroup;
			children = (
				D5B16A721F660CC600CDCE28 /* MainRouter.swift */,
			);
			name = Main;
			sourceTree = "<group>";
		};
		D5B16A741F660EC000CDCE28 /* Event */ = {
			isa = PBXGroup;
			children = (
				D51508671F9E8D95003AC336 /* Chat */,
				D54DB02D1F9D178B0087D5E7 /* Detail */,
				D5FFFEAF1F9CFC3A00CA1FA2 /* List */,
				D500D31D1F9BC12200FBDB8E /* New */,
				D500D31C1F9BC11300FBDB8E /* Filters */,
			);
			name = Event;
			sourceTree = "<group>";
		};
		D5B16A751F660EC700CDCE28 /* Menu */ = {
			isa = PBXGroup;
			children = (
				D5B16A7E1F660F0900CDCE28 /* MenuNavigationController.swift */,
				D5B16A801F660F1600CDCE28 /* MenuRouter.swift */,
				D5B16A821F660F3A00CDCE28 /* MenuViewModel.swift */,
				D5B16A7A1F660EF100CDCE28 /* MenuViewController.swift */,
				D5B16A7B1F660EF100CDCE28 /* MenuViewController.xib */,
			);
			name = Menu;
			sourceTree = "<group>";
		};
		D5B16A8C1F674A5600CDCE28 /* Profile */ = {
			isa = PBXGroup;
			children = (
				D5B16A911F674A6E00CDCE28 /* ProfileRouter.swift */,
				D5B16A931F674A8600CDCE28 /* ProfileViewModel.swift */,
				D5B16A8D1F674A6500CDCE28 /* ProfileViewController.swift */,
				D5B16A8E1F674A6500CDCE28 /* ProfileViewController.xib */,
			);
			name = Profile;
			sourceTree = "<group>";
		};
		D5B16A9D1F6757AD00CDCE28 /* Entities */ = {
			isa = PBXGroup;
			children = (
				D5B16A9E1F6757BB00CDCE28 /* User.swift */,
				D5B16AA01F6758C700CDCE28 /* Avatar.swift */,
				D500D3181F99810C00FBDB8E /* Event.swift */,
				D500D31A1F9985EB00FBDB8E /* EventCategorie.swift */,
				D51508701F9E9AB8003AC336 /* EventMessage.swift */,
				D5D4C8841FA7E36300C30B77 /* LoggedUser.swift */,
				D53F2A5A1FA7FC3900730C73 /* Message.swift */,
				D55CDBF21FAE11C80008A305 /* UserKeys.swift */,
			);
			name = Entities;
			sourceTree = "<group>";
		};
		D5B16AA21F6758DE00CDCE28 /* App */ = {
			isa = PBXGroup;
			children = (
				D5B16AA31F6758E500CDCE28 /* Persistence */,
			);
			name = App;
			sourceTree = "<group>";
		};
		D5B16AA31F6758E500CDCE28 /* Persistence */ = {
			isa = PBXGroup;
			children = (
				D5B16AA41F6758EE00CDCE28 /* PersistenceInterface.swift */,
			);
			name = Persistence;
			sourceTree = "<group>";
		};
		D5D367B11F97F92500A5C2E0 /* Card Cell */ = {
			isa = PBXGroup;
			children = (
				D5D367B21F97F94000A5C2E0 /* CardTableViewCell.swift */,
				D5D367B31F97F94000A5C2E0 /* CardTableViewCell.xib */,
			);
			name = "Card Cell";
			sourceTree = "<group>";
		};
		D5D367B61F98200300A5C2E0 /* Fonts */ = {
			isa = PBXGroup;
			children = (
				D5D367B71F98200300A5C2E0 /* Gilroy-Bold.otf */,
				D5D367B81F98200300A5C2E0 /* Gilroy-Light.otf */,
				D5D367B91F98200300A5C2E0 /* Gilroy-Medium.otf */,
				D5D367BA1F98200300A5C2E0 /* Gilroy-Regular.otf */,
				D5D367BB1F98200300A5C2E0 /* Gilroy-SemiBold.otf */,
				D5D367BC1F98200300A5C2E0 /* Gilroy-UltraLight.otf */,
			);
			path = Fonts;
			sourceTree = "<group>";
		};
		D5D367BD1F984A5500A5C2E0 /* Search */ = {
			isa = PBXGroup;
			children = (
				D54F440E1F96BF42004328D8 /* UsersRouter.swift */,
				D54F440C1F96BF1A004328D8 /* UsersViewModel.swift */,
				D54F44081F96BF0F004328D8 /* UsersViewController.swift */,
				D54F44091F96BF0F004328D8 /* UsersViewController.xib */,
			);
			name = Search;
			sourceTree = "<group>";
		};
		D5D367BE1F984A6400A5C2E0 /* Detail */ = {
			isa = PBXGroup;
			children = (
				D55229AF1F984D46002B7AFC /* UserDetailRouter.swift */,
				D5D367C31F984C1C00A5C2E0 /* UserDetailViewModel.swift */,
				D5D367BF1F984A7D00A5C2E0 /* UserDetailViewController.swift */,
				D5D367C01F984A7D00A5C2E0 /* UserDetailViewController.xib */,
			);
			name = Detail;
			sourceTree = "<group>";
		};
		D5D4C8861FA7F66300C30B77 /* Messages */ = {
			isa = PBXGroup;
			children = (
				D53F2A5E1FA7FF3600730C73 /* Chat Message Cell */,
				D5103A551FA93F2900DD4C33 /* User Cell */,
				D5D4C88B1FA7F74B00C30B77 /* MessagesRouter.swift */,
				D5D4C88D1FA7F75500C30B77 /* MessagesViewModel.swift */,
				D5D4C8871FA7F67E00C30B77 /* MessagesViewController.swift */,
				D5D4C8881FA7F67E00C30B77 /* MessagesViewController.xib */,
			);
			name = Messages;
			sourceTree = "<group>";
		};
		D5F168651F9EB80D007E8681 /* Chat Cell */ = {
			isa = PBXGroup;
			children = (
				D5F168661F9EB822007E8681 /* ChatTableViewCell.swift */,
				D5F168671F9EB822007E8681 /* ChatTableViewCell.xib */,
			);
			name = "Chat Cell";
			sourceTree = "<group>";
		};
		D5FFFEAF1F9CFC3A00CA1FA2 /* List */ = {
			isa = PBXGroup;
			children = (
				D5FFFEB61F9CFCBB00CA1FA2 /* EventListRouter.swift */,
				D5FFFEB41F9CFC7300CA1FA2 /* EventListViewModel.swift */,
				D5FFFEB01F9CFC5500CA1FA2 /* EventListViewController.swift */,
				D5FFFEB11F9CFC5500CA1FA2 /* EventListViewController.xib */,
			);
			name = List;
			sourceTree = "<group>";
		};
/* End PBXGroup section */

/* Begin PBXNativeTarget section */
		D5B16A331F4F603000CDCE28 /* NexMe */ = {
			isa = PBXNativeTarget;
			buildConfigurationList = D5B16A461F4F603000CDCE28 /* Build configuration list for PBXNativeTarget "NexMe" */;
			buildPhases = (
				87504A1A15CF03E12842BC1D /* [CP] Check Pods Manifest.lock */,
				D5B16A301F4F603000CDCE28 /* Sources */,
				D5B16A311F4F603000CDCE28 /* Frameworks */,
				D5B16A321F4F603000CDCE28 /* Resources */,
				5D183629C81EACBB893DA4E5 /* [CP] Embed Pods Frameworks */,
				65F877281BE5E397314439B0 /* [CP] Copy Pods Resources */,
			);
			buildRules = (
			);
			dependencies = (
			);
			name = NexMe;
			productName = NexMe;
			productReference = D5B16A341F4F603000CDCE28 /* NexMe.app */;
			productType = "com.apple.product-type.application";
		};
/* End PBXNativeTarget section */

/* Begin PBXProject section */
		D5B16A2C1F4F603000CDCE28 /* Project object */ = {
			isa = PBXProject;
			attributes = {
				LastSwiftUpdateCheck = 0820;
				LastUpgradeCheck = 0820;
				ORGANIZATIONNAME = "Vinicius Nadin";
				TargetAttributes = {
					D5B16A331F4F603000CDCE28 = {
						CreatedOnToolsVersion = 8.2.1;
						DevelopmentTeam = VJ9FQ76YK4;
						ProvisioningStyle = Automatic;
					};
				};
			};
			buildConfigurationList = D5B16A2F1F4F603000CDCE28 /* Build configuration list for PBXProject "NexMe" */;
			compatibilityVersion = "Xcode 3.2";
			developmentRegion = English;
			hasScannedForEncodings = 0;
			knownRegions = (
				en,
				Base,
			);
			mainGroup = D5B16A2B1F4F603000CDCE28;
			productRefGroup = D5B16A351F4F603000CDCE28 /* Products */;
			projectDirPath = "";
			projectRoot = "";
			targets = (
				D5B16A331F4F603000CDCE28 /* NexMe */,
			);
		};
/* End PBXProject section */

/* Begin PBXResourcesBuildPhase section */
		D5B16A321F4F603000CDCE28 /* Resources */ = {
			isa = PBXResourcesBuildPhase;
			buildActionMask = 2147483647;
			files = (
				D5B16A901F674A6500CDCE28 /* ProfileViewController.xib in Resources */,
				D5D367C21F984A7D00A5C2E0 /* UserDetailViewController.xib in Resources */,
				D5D4C88A1FA7F67E00C30B77 /* MessagesViewController.xib in Resources */,
				D5B16A581F4F662D00CDCE28 /* SignInViewController.xib in Resources */,
				D54F440B1F96BF0F004328D8 /* UsersViewController.xib in Resources */,
				D54DB02B1F9D0A6F0087D5E7 /* EventTableViewCell.xib in Resources */,
				D5B16A5E1F4F6B8D00CDCE28 /* Main.storyboard in Resources */,
				D5B16A421F4F603000CDCE28 /* LaunchScreen.storyboard in Resources */,
				D5FFFEB31F9CFC5500CA1FA2 /* EventListViewController.xib in Resources */,
				D5B16A3F1F4F603000CDCE28 /* Assets.xcassets in Resources */,
				D5B16A661F61C11100CDCE28 /* SignUpViewController.xib in Resources */,
				D5B16A871F66120200CDCE28 /* EventsViewController.xib in Resources */,
				D54DB0311F9D17A40087D5E7 /* EventDetailViewController.xib in Resources */,
				D5B16A7D1F660EF100CDCE28 /* MenuViewController.xib in Resources */,
				D500D3211F9BC13800FBDB8E /* NewEventViewController.xib in Resources */,
				D574CDA71FA4F8AC00A3FB7D /* EventLesserCell.xib in Resources */,
				D5103A521FA9385500DD4C33 /* ChatViewController.xib in Resources */,
				D5F168691F9EB822007E8681 /* ChatTableViewCell.xib in Resources */,
				D50F2EEF1FA6805500474945 /* CategorieTableViewCell.xib in Resources */,
				D5F078561FB6768100586C5F /* GoogleService-Info.plist in Resources */,
				D515086B1F9E8DB0003AC336 /* EventChatViewController.xib in Resources */,
				D5D367B51F97F94000A5C2E0 /* CardTableViewCell.xib in Resources */,
			);
			runOnlyForDeploymentPostprocessing = 0;
		};
/* End PBXResourcesBuildPhase section */

/* Begin PBXShellScriptBuildPhase section */
		5D183629C81EACBB893DA4E5 /* [CP] Embed Pods Frameworks */ = {
			isa = PBXShellScriptBuildPhase;
			buildActionMask = 2147483647;
			files = (
			);
			inputPaths = (
				"${PODS_ROOT}/Target Support Files/Pods-NexMe/Pods-NexMe-frameworks.sh",
				"${BUILT_PRODUCTS_DIR}/DateTimePicker/DateTimePicker.framework",
				"${BUILT_PRODUCTS_DIR}/FontAwesome.swift/FontAwesome_swift.framework",
				"${BUILT_PRODUCTS_DIR}/GTMSessionFetcher/GTMSessionFetcher.framework",
				"${BUILT_PRODUCTS_DIR}/GoogleToolboxForMac/GoogleToolboxForMac.framework",
				"${BUILT_PRODUCTS_DIR}/Hero/Hero.framework",
				"${BUILT_PRODUCTS_DIR}/Kingfisher/Kingfisher.framework",
				"${BUILT_PRODUCTS_DIR}/NVActivityIndicatorView/NVActivityIndicatorView.framework",
				"${BUILT_PRODUCTS_DIR}/Pastel/Pastel.framework",
				"${BUILT_PRODUCTS_DIR}/PopupDialog/PopupDialog.framework",
				"${BUILT_PRODUCTS_DIR}/RxCocoa/RxCocoa.framework",
				"${BUILT_PRODUCTS_DIR}/RxSwift/RxSwift.framework",
				"${BUILT_PRODUCTS_DIR}/SkyFloatingLabelTextField/SkyFloatingLabelTextField.framework",
				"${BUILT_PRODUCTS_DIR}/SlideMenuControllerSwift/SlideMenuControllerSwift.framework",
				"${BUILT_PRODUCTS_DIR}/SwiftyJSON/SwiftyJSON.framework",
				"${BUILT_PRODUCTS_DIR}/Unbox/Unbox.framework",
				"${BUILT_PRODUCTS_DIR}/leveldb-library/leveldb.framework",
				"${BUILT_PRODUCTS_DIR}/nanopb/nanopb.framework",
			);
			name = "[CP] Embed Pods Frameworks";
			outputPaths = (
				"${TARGET_BUILD_DIR}/${FRAMEWORKS_FOLDER_PATH}/DateTimePicker.framework",
				"${TARGET_BUILD_DIR}/${FRAMEWORKS_FOLDER_PATH}/FontAwesome_swift.framework",
				"${TARGET_BUILD_DIR}/${FRAMEWORKS_FOLDER_PATH}/GTMSessionFetcher.framework",
				"${TARGET_BUILD_DIR}/${FRAMEWORKS_FOLDER_PATH}/GoogleToolboxForMac.framework",
				"${TARGET_BUILD_DIR}/${FRAMEWORKS_FOLDER_PATH}/Hero.framework",
				"${TARGET_BUILD_DIR}/${FRAMEWORKS_FOLDER_PATH}/Kingfisher.framework",
				"${TARGET_BUILD_DIR}/${FRAMEWORKS_FOLDER_PATH}/NVActivityIndicatorView.framework",
				"${TARGET_BUILD_DIR}/${FRAMEWORKS_FOLDER_PATH}/Pastel.framework",
				"${TARGET_BUILD_DIR}/${FRAMEWORKS_FOLDER_PATH}/PopupDialog.framework",
				"${TARGET_BUILD_DIR}/${FRAMEWORKS_FOLDER_PATH}/RxCocoa.framework",
				"${TARGET_BUILD_DIR}/${FRAMEWORKS_FOLDER_PATH}/RxSwift.framework",
				"${TARGET_BUILD_DIR}/${FRAMEWORKS_FOLDER_PATH}/SkyFloatingLabelTextField.framework",
				"${TARGET_BUILD_DIR}/${FRAMEWORKS_FOLDER_PATH}/SlideMenuControllerSwift.framework",
				"${TARGET_BUILD_DIR}/${FRAMEWORKS_FOLDER_PATH}/SwiftyJSON.framework",
				"${TARGET_BUILD_DIR}/${FRAMEWORKS_FOLDER_PATH}/Unbox.framework",
				"${TARGET_BUILD_DIR}/${FRAMEWORKS_FOLDER_PATH}/leveldb.framework",
				"${TARGET_BUILD_DIR}/${FRAMEWORKS_FOLDER_PATH}/nanopb.framework",
			);
			runOnlyForDeploymentPostprocessing = 0;
			shellPath = /bin/sh;
			shellScript = "\"${PODS_ROOT}/Target Support Files/Pods-NexMe/Pods-NexMe-frameworks.sh\"\n";
			showEnvVarsInLog = 0;
		};
		65F877281BE5E397314439B0 /* [CP] Copy Pods Resources */ = {
			isa = PBXShellScriptBuildPhase;
			buildActionMask = 2147483647;
			files = (
			);
			inputPaths = (
				"${PODS_ROOT}/Target Support Files/Pods-NexMe/Pods-NexMe-resources.sh",
				"${PODS_ROOT}/GoogleMaps/Maps/Frameworks/GoogleMaps.framework/Resources/GoogleMaps.bundle",
				"${PODS_ROOT}/GooglePlaces/Frameworks/GooglePlaces.framework/Resources/GooglePlaces.bundle",
			);
			name = "[CP] Copy Pods Resources";
			outputPaths = (
				"${TARGET_BUILD_DIR}/${UNLOCALIZED_RESOURCES_FOLDER_PATH}/GoogleMaps.bundle",
				"${TARGET_BUILD_DIR}/${UNLOCALIZED_RESOURCES_FOLDER_PATH}/GooglePlaces.bundle",
			);
			runOnlyForDeploymentPostprocessing = 0;
			shellPath = /bin/sh;
			shellScript = "\"${PODS_ROOT}/Target Support Files/Pods-NexMe/Pods-NexMe-resources.sh\"\n";
			showEnvVarsInLog = 0;
		};
		87504A1A15CF03E12842BC1D /* [CP] Check Pods Manifest.lock */ = {
			isa = PBXShellScriptBuildPhase;
			buildActionMask = 2147483647;
			files = (
			);
			inputPaths = (
				"${PODS_PODFILE_DIR_PATH}/Podfile.lock",
				"${PODS_ROOT}/Manifest.lock",
			);
			name = "[CP] Check Pods Manifest.lock";
			outputPaths = (
				"$(DERIVED_FILE_DIR)/Pods-NexMe-checkManifestLockResult.txt",
			);
			runOnlyForDeploymentPostprocessing = 0;
			shellPath = /bin/sh;
			shellScript = "diff \"${PODS_PODFILE_DIR_PATH}/Podfile.lock\" \"${PODS_ROOT}/Manifest.lock\" > /dev/null\nif [ $? != 0 ] ; then\n    # print error to STDERR\n    echo \"error: The sandbox is not in sync with the Podfile.lock. Run 'pod install' or update your CocoaPods installation.\" >&2\n    exit 1\nfi\n# This output is used by Xcode 'outputs' to avoid re-running this script phase.\necho \"SUCCESS\" > \"${SCRIPT_OUTPUT_FILE_0}\"\n";
			showEnvVarsInLog = 0;
		};
/* End PBXShellScriptBuildPhase section */

/* Begin PBXSourcesBuildPhase section */
		D5B16A301F4F603000CDCE28 /* Sources */ = {
			isa = PBXSourcesBuildPhase;
			buildActionMask = 2147483647;
			files = (
				D5B16A621F5F6B7500CDCE28 /* PopupDialog.swift in Sources */,
				D51508711F9E9AB8003AC336 /* EventMessage.swift in Sources */,
				D500D3201F9BC13800FBDB8E /* NewEventViewController.swift in Sources */,
				D55CDBF51FAE13890008A305 /* Structs.swift in Sources */,
				D5FFFEB71F9CFCBB00CA1FA2 /* EventListRouter.swift in Sources */,
				D515086A1F9E8DB0003AC336 /* EventChatViewController.swift in Sources */,
				D54F440D1F96BF1A004328D8 /* UsersViewModel.swift in Sources */,
				D5103A541FA93EF500DD4C33 /* ChatViewModel.swift in Sources */,
				D5B16A861F66120200CDCE28 /* EventsViewController.swift in Sources */,
				D5B16AA11F6758C700CDCE28 /* Avatar.swift in Sources */,
				D5B16A7C1F660EF100CDCE28 /* MenuViewController.swift in Sources */,
				D54F44061F96B22F004328D8 /* CardView.swift in Sources */,
				D5B16A7F1F660F0900CDCE28 /* MenuNavigationController.swift in Sources */,
				D5B16A831F660F3A00CDCE28 /* MenuViewModel.swift in Sources */,
				D5B16A891F66120C00CDCE28 /* EventsViewModel.swift in Sources */,
				D5B16A941F674A8600CDCE28 /* ProfileViewModel.swift in Sources */,
				D5103A571FA93F5400DD4C33 /* ChatRouter.swift in Sources */,
				D500D31B1F9985EB00FBDB8E /* EventCategorie.swift in Sources */,
				D5D367C11F984A7D00A5C2E0 /* UserDetailViewController.swift in Sources */,
				D54DB02A1F9D0A6F0087D5E7 /* EventTableViewCell.swift in Sources */,
				D5B16A8F1F674A6500CDCE28 /* ProfileViewController.swift in Sources */,
				D55CDBF31FAE11C80008A305 /* UserKeys.swift in Sources */,
				D5FC33511FA1374B00321A10 /* TCPickerView.swift in Sources */,
				D5B16A811F660F1600CDCE28 /* MenuRouter.swift in Sources */,
				D515086F1F9E92F7003AC336 /* EventChatRouter.swift in Sources */,
				D54DB0351F9D25420087D5E7 /* EventDetailRouter.swift in Sources */,
				D5B16A921F674A6E00CDCE28 /* ProfileRouter.swift in Sources */,
				D500D3191F99810C00FBDB8E /* Event.swift in Sources */,
				D5B16A731F660CC600CDCE28 /* MainRouter.swift in Sources */,
				D5B16A5A1F4F66A300CDCE28 /* SignInViewModel.swift in Sources */,
				D5B16A541F4F65D200CDCE28 /* SignInRouter.swift in Sources */,
				D59CD4701F7C636C001582D1 /* ImagePicker.swift in Sources */,
				D5D4C88C1FA7F74B00C30B77 /* MessagesRouter.swift in Sources */,
				D54F440F1F96BF42004328D8 /* UsersRouter.swift in Sources */,
				D5D4C8891FA7F67E00C30B77 /* MessagesViewController.swift in Sources */,
				D5B16A571F4F662D00CDCE28 /* SignInViewController.swift in Sources */,
				D54DB0301F9D17A40087D5E7 /* EventDetailViewController.swift in Sources */,
				D5B16A4E1F4F63E900CDCE28 /* UseCases.swift in Sources */,
				D5B16A701F65D2DC00CDCE28 /* Functions.swift in Sources */,
				D5B16A6A1F61C17700CDCE28 /* SignUpRouter.swift in Sources */,
				D5B16AA51F6758EE00CDCE28 /* PersistenceInterface.swift in Sources */,
				D5FFFEB21F9CFC5500CA1FA2 /* EventListViewController.swift in Sources */,
				D5B16A9F1F6757BB00CDCE28 /* User.swift in Sources */,
				D5D4C8851FA7E36300C30B77 /* LoggedUser.swift in Sources */,
				D5B16A6C1F65CE3D00CDCE28 /* Result.swift in Sources */,
				D5D4C88E1FA7F75500C30B77 /* MessagesViewModel.swift in Sources */,
				D5B16A8B1F66121500CDCE28 /* EventsRouter.swift in Sources */,
				D5103A511FA9385500DD4C33 /* ChatViewController.swift in Sources */,
				D5FC33521FA1374B00321A10 /* TCPickerTableViewCell.swift in Sources */,
				D5B16A5D1F4F6B8C00CDCE28 /* ViewController.swift in Sources */,
				D5B16A681F61C12300CDCE28 /* SignUpViewModel.swift in Sources */,
				D5D367B41F97F94000A5C2E0 /* CardTableViewCell.swift in Sources */,
				D53F2A5B1FA7FC3900730C73 /* Message.swift in Sources */,
				D5B16A651F61C11100CDCE28 /* SignUpViewController.swift in Sources */,
				D54DB0331F9D24F70087D5E7 /* EventDetailViewModel.swift in Sources */,
				D500D3231F9BC7F500FBDB8E /* NewEventViewModel.swift in Sources */,
				D5B16A381F4F603000CDCE28 /* AppDelegate.swift in Sources */,
				D53F2A621FA800AB00730C73 /* UserCell.swift in Sources */,
				D53F2A601FA7FF4200730C73 /* ChatMessageCell.swift in Sources */,
				D500D3251F9BC81100FBDB8E /* NewEventRouter.swift in Sources */,
				D55229B01F984D46002B7AFC /* UserDetailRouter.swift in Sources */,
				D5B16A4C1F4F62A800CDCE28 /* AppDependecies.swift in Sources */,
				D5F168681F9EB822007E8681 /* ChatTableViewCell.swift in Sources */,
				D5FFFEB51F9CFC7300CA1FA2 /* EventListViewModel.swift in Sources */,
				D50F2EEE1FA6805500474945 /* CategorieTableViewCell.swift in Sources */,
				D574CDA61FA4F8AC00A3FB7D /* EventLesserCell.swift in Sources */,
				D54F440A1F96BF0F004328D8 /* UsersViewController.swift in Sources */,
				D515086D1F9E92B1003AC336 /* EventChatViewModel.swift in Sources */,
				D5D367C41F984C1C00A5C2E0 /* UserDetailViewModel.swift in Sources */,
			);
			runOnlyForDeploymentPostprocessing = 0;
		};
/* End PBXSourcesBuildPhase section */

/* Begin PBXVariantGroup section */
		D5B16A401F4F603000CDCE28 /* LaunchScreen.storyboard */ = {
			isa = PBXVariantGroup;
			children = (
				D5B16A411F4F603000CDCE28 /* Base */,
			);
			name = LaunchScreen.storyboard;
			sourceTree = "<group>";
		};
/* End PBXVariantGroup section */

/* Begin XCBuildConfiguration section */
		D5B16A441F4F603000CDCE28 /* Debug */ = {
			isa = XCBuildConfiguration;
			buildSettings = {
				ALWAYS_SEARCH_USER_PATHS = NO;
				CLANG_ANALYZER_NONNULL = YES;
				CLANG_CXX_LANGUAGE_STANDARD = "gnu++0x";
				CLANG_CXX_LIBRARY = "libc++";
				CLANG_ENABLE_MODULES = YES;
				CLANG_ENABLE_OBJC_ARC = YES;
				CLANG_WARN_BOOL_CONVERSION = YES;
				CLANG_WARN_CONSTANT_CONVERSION = YES;
				CLANG_WARN_DIRECT_OBJC_ISA_USAGE = YES_ERROR;
				CLANG_WARN_DOCUMENTATION_COMMENTS = YES;
				CLANG_WARN_EMPTY_BODY = YES;
				CLANG_WARN_ENUM_CONVERSION = YES;
				CLANG_WARN_INFINITE_RECURSION = YES;
				CLANG_WARN_INT_CONVERSION = YES;
				CLANG_WARN_OBJC_ROOT_CLASS = YES_ERROR;
				CLANG_WARN_SUSPICIOUS_MOVE = YES;
				CLANG_WARN_UNREACHABLE_CODE = YES;
				CLANG_WARN__DUPLICATE_METHOD_MATCH = YES;
				"CODE_SIGN_IDENTITY[sdk=iphoneos*]" = "iPhone Developer";
				COPY_PHASE_STRIP = NO;
				DEBUG_INFORMATION_FORMAT = dwarf;
				ENABLE_STRICT_OBJC_MSGSEND = YES;
				ENABLE_TESTABILITY = YES;
				GCC_C_LANGUAGE_STANDARD = gnu99;
				GCC_DYNAMIC_NO_PIC = NO;
				GCC_NO_COMMON_BLOCKS = YES;
				GCC_OPTIMIZATION_LEVEL = 0;
				GCC_PREPROCESSOR_DEFINITIONS = (
					"DEBUG=1",
					"$(inherited)",
				);
				GCC_WARN_64_TO_32_BIT_CONVERSION = YES;
				GCC_WARN_ABOUT_RETURN_TYPE = YES_ERROR;
				GCC_WARN_UNDECLARED_SELECTOR = YES;
				GCC_WARN_UNINITIALIZED_AUTOS = YES_AGGRESSIVE;
				GCC_WARN_UNUSED_FUNCTION = YES;
				GCC_WARN_UNUSED_VARIABLE = YES;
				IPHONEOS_DEPLOYMENT_TARGET = 10.2;
				MTL_ENABLE_DEBUG_INFO = YES;
				ONLY_ACTIVE_ARCH = YES;
				SDKROOT = iphoneos;
				SWIFT_ACTIVE_COMPILATION_CONDITIONS = DEBUG;
				SWIFT_OPTIMIZATION_LEVEL = "-Onone";
			};
			name = Debug;
		};
		D5B16A451F4F603000CDCE28 /* Release */ = {
			isa = XCBuildConfiguration;
			buildSettings = {
				ALWAYS_SEARCH_USER_PATHS = NO;
				CLANG_ANALYZER_NONNULL = YES;
				CLANG_CXX_LANGUAGE_STANDARD = "gnu++0x";
				CLANG_CXX_LIBRARY = "libc++";
				CLANG_ENABLE_MODULES = YES;
				CLANG_ENABLE_OBJC_ARC = YES;
				CLANG_WARN_BOOL_CONVERSION = YES;
				CLANG_WARN_CONSTANT_CONVERSION = YES;
				CLANG_WARN_DIRECT_OBJC_ISA_USAGE = YES_ERROR;
				CLANG_WARN_DOCUMENTATION_COMMENTS = YES;
				CLANG_WARN_EMPTY_BODY = YES;
				CLANG_WARN_ENUM_CONVERSION = YES;
				CLANG_WARN_INFINITE_RECURSION = YES;
				CLANG_WARN_INT_CONVERSION = YES;
				CLANG_WARN_OBJC_ROOT_CLASS = YES_ERROR;
				CLANG_WARN_SUSPICIOUS_MOVE = YES;
				CLANG_WARN_UNREACHABLE_CODE = YES;
				CLANG_WARN__DUPLICATE_METHOD_MATCH = YES;
				"CODE_SIGN_IDENTITY[sdk=iphoneos*]" = "iPhone Developer";
				COPY_PHASE_STRIP = NO;
				DEBUG_INFORMATION_FORMAT = "dwarf-with-dsym";
				ENABLE_NS_ASSERTIONS = NO;
				ENABLE_STRICT_OBJC_MSGSEND = YES;
				GCC_C_LANGUAGE_STANDARD = gnu99;
				GCC_NO_COMMON_BLOCKS = YES;
				GCC_WARN_64_TO_32_BIT_CONVERSION = YES;
				GCC_WARN_ABOUT_RETURN_TYPE = YES_ERROR;
				GCC_WARN_UNDECLARED_SELECTOR = YES;
				GCC_WARN_UNINITIALIZED_AUTOS = YES_AGGRESSIVE;
				GCC_WARN_UNUSED_FUNCTION = YES;
				GCC_WARN_UNUSED_VARIABLE = YES;
				IPHONEOS_DEPLOYMENT_TARGET = 10.2;
				MTL_ENABLE_DEBUG_INFO = NO;
				SDKROOT = iphoneos;
				SWIFT_OPTIMIZATION_LEVEL = "-Owholemodule";
				VALIDATE_PRODUCT = YES;
			};
			name = Release;
		};
		D5B16A471F4F603000CDCE28 /* Debug */ = {
			isa = XCBuildConfiguration;
			baseConfigurationReference = 08510A995199D887E588B119 /* Pods-NexMe.debug.xcconfig */;
			buildSettings = {
				ASSETCATALOG_COMPILER_APPICON_NAME = AppIcon;
				DEVELOPMENT_TEAM = VJ9FQ76YK4;
				INFOPLIST_FILE = NexMe/Info.plist;
				IPHONEOS_DEPLOYMENT_TARGET = 9.0;
				LD_RUNPATH_SEARCH_PATHS = "$(inherited) @executable_path/Frameworks";
				PRODUCT_BUNDLE_IDENTIFIER = com.nexme.ios;
				PRODUCT_NAME = "$(TARGET_NAME)";
				SWIFT_VERSION = 3.0;
			};
			name = Debug;
		};
		D5B16A481F4F603000CDCE28 /* Release */ = {
			isa = XCBuildConfiguration;
			baseConfigurationReference = F502E155D99BD417B542A471 /* Pods-NexMe.release.xcconfig */;
			buildSettings = {
				ASSETCATALOG_COMPILER_APPICON_NAME = AppIcon;
				DEVELOPMENT_TEAM = VJ9FQ76YK4;
				INFOPLIST_FILE = NexMe/Info.plist;
				IPHONEOS_DEPLOYMENT_TARGET = 9.0;
				LD_RUNPATH_SEARCH_PATHS = "$(inherited) @executable_path/Frameworks";
				PRODUCT_BUNDLE_IDENTIFIER = com.nexme.ios;
				PRODUCT_NAME = "$(TARGET_NAME)";
				SWIFT_VERSION = 3.0;
			};
			name = Release;
		};
/* End XCBuildConfiguration section */

/* Begin XCConfigurationList section */
		D5B16A2F1F4F603000CDCE28 /* Build configuration list for PBXProject "NexMe" */ = {
			isa = XCConfigurationList;
			buildConfigurations = (
				D5B16A441F4F603000CDCE28 /* Debug */,
				D5B16A451F4F603000CDCE28 /* Release */,
			);
			defaultConfigurationIsVisible = 0;
			defaultConfigurationName = Release;
		};
		D5B16A461F4F603000CDCE28 /* Build configuration list for PBXNativeTarget "NexMe" */ = {
			isa = XCConfigurationList;
			buildConfigurations = (
				D5B16A471F4F603000CDCE28 /* Debug */,
				D5B16A481F4F603000CDCE28 /* Release */,
			);
			defaultConfigurationIsVisible = 0;
			defaultConfigurationName = Release;
		};
/* End XCConfigurationList section */
	};
	rootObject = D5B16A2C1F4F603000CDCE28 /* Project object */;
}
